
Microsoft Visual Studio Solution File, Format Version 12.00
# Visual Studio Version 17
VisualStudioVersion = 17.11.35222.181
MinimumVisualStudioVersion = 10.0.40219.1
Project("{FAE04EC0-301F-11D3-BF4B-00C04F79EFBC}") = "Playstation", "Playstation.csproj", "{D440D87B-98D0-40A0-9F42-A0158FE6CDB3}"
EndProject
Global
	GlobalSection(SolutionConfigurationPlatforms) = preSolution
		Debug|Any CPU = Debug|Any CPU
		Release|Any CPU = Release|Any CPU
	EndGlobalSection
	GlobalSection(ProjectConfigurationPlatforms) = postSolution
		{D440D87B-98D0-40A0-9F42-A0158FE6CDB3}.Debug|Any CPU.ActiveCfg = Debug|Any CPU
		{D440D87B-98D0-40A0-9F42-A0158FE6CDB3}.Debug|Any CPU.Build.0 = Debug|Any CPU
		{D440D87B-98D0-40A0-9F42-A0158FE6CDB3}.Release|Any CPU.ActiveCfg = Release|Any CPU
		{D440D87B-98D0-40A0-9F42-A0158FE6CDB3}.Release|Any CPU.Build.0 = Release|Any CPU
	EndGlobalSection
	GlobalSection(SolutionProperties) = preSolution
		HideSolutionNode = FALSE
	EndGlobalSection
	GlobalSection(ExtensibilityGlobals) = postSolution
		SolutionGuid = {5C6B61A1-428B-4E3B-B726-E2322136ECD4}
	EndGlobalSection
EndGlobal
